
Microsoft Visual Studio Solution File, Format Version 12.00
# Visual Studio Version 17
VisualStudioVersion = 17.4.33122.133
MinimumVisualStudioVersion = 10.0.40219.1
Project("{9A19103F-16F7-4668-BE54-9A1E7A4F7556}") = "Liuk-Music-CS-Core", "Liuk-Music-CS-Core.csproj", "{B30AEC55-9358-4889-B788-9F4FF765F895}"
EndProject
Project("{2150E333-8FDC-42A3-9474-1A3956D46DE8}") = "Solution Items", "Solution Items", "{7A94F24A-CB20-48D3-B00B-ED2BE49BE70C}"
	ProjectSection(SolutionItems) = preProject
		.editorconfig = .editorconfig
	EndProjectSection
EndProject
Global
	GlobalSection(SolutionConfigurationPlatforms) = preSolution
		Debug|Any CPU = Debug|Any CPU
		Release|Any CPU = Release|Any CPU
	EndGlobalSection
	GlobalSection(ProjectConfigurationPlatforms) = postSolution
		{B30AEC55-9358-4889-B788-9F4FF765F895}.Debug|Any CPU.ActiveCfg = Debug|Any CPU
		{B30AEC55-9358-4889-B788-9F4FF765F895}.Debug|Any CPU.Build.0 = Debug|Any CPU
		{B30AEC55-9358-4889-B788-9F4FF765F895}.Release|Any CPU.ActiveCfg = Release|Any CPU
		{B30AEC55-9358-4889-B788-9F4FF765F895}.Release|Any CPU.Build.0 = Release|Any CPU
	EndGlobalSection
	GlobalSection(SolutionProperties) = preSolution
		HideSolutionNode = FALSE
	EndGlobalSection
	GlobalSection(ExtensibilityGlobals) = postSolution
		SolutionGuid = {C56FCC76-B372-437F-B2A3-0C003EB3D7DA}
	EndGlobalSection
EndGlobal
